# THIS IS AN AUTOGENERATED FILE. DO NOT EDIT THIS FILE DIRECTLY.
# yarn lockfile v1


"@playwright/test@^1.48.0":
  version "1.48.0"
  resolved "https://registry.yarnpkg.com/@playwright/test/-/test-1.48.0.tgz#4b81434a3ca75e2a6f82a645287784223a45434c"
  integrity sha512-W5lhqPUVPqhtc/ySvZI5Q8X2ztBOUgZ8LbAFy0JQgrXZs2xaILrUcNO3rQjwbLPfGK13+rZsDa1FpG+tqYkT5w==
  dependencies:
    playwright "1.48.0"

fsevents@2.3.2:
  version "2.3.2"
  resolved "https://registry.yarnpkg.com/fsevents/-/fsevents-2.3.2.tgz#8a526f78b8fdf4623b709e0b975c52c24c02fd1a"
  integrity sha512-xiqMQR4xAeHTuB9uWm+fFRcIOgKBMiOBP+eXiyT7jsgVCq1bkVygt00oASowB7EdtpOHaaPgKt812P9ab+DDKA==

playwright-core@1.48.0:
  version "1.48.0"
  resolved "https://registry.yarnpkg.com/playwright-core/-/playwright-core-1.48.0.tgz#34d209dd4aba8fccd4a96116f1c4f7630f868722"
  integrity sha512-RBvzjM9rdpP7UUFrQzRwR8L/xR4HyC1QXMzGYTbf1vjw25/ya9NRAVnXi/0fvFopjebvyPzsmoK58xxeEOaVvA==

playwright@1.48.0:
  version "1.48.0"
  resolved "https://registry.yarnpkg.com/playwright/-/playwright-1.48.0.tgz#00855d9a25f1991d422867f1c32af5d90f457b48"
  integrity sha512-qPqFaMEHuY/ug8o0uteYJSRfMGFikhUysk8ZvAtfKmUK3kc/6oNl/y3EczF8OFGYIi/Ex2HspMfzYArk6+XQSA==
  dependencies:
    playwright-core "1.48.0"
  optionalDependencies:
    fsevents "2.3.2"
