# THIS IS AN AUTOGENERATED FILE. DO NOT EDIT THIS FILE DIRECTLY.
# yarn lockfile v1


"@playwright/test@^1.41.0":
  version "1.41.0"
  resolved "https://registry.yarnpkg.com/@playwright/test/-/test-1.41.0.tgz#b083e976295f1fe039c15d451c66554d7f37278c"
  integrity sha512-Grvzj841THwtpBOrfiHOeYTJQxDRnKofMSzCiV8XeyLWu3o89qftQ4BCKfkziJhSUQRd0utKhrddtIsiraIwmw==
  dependencies:
    playwright "1.41.0"

fsevents@2.3.2:
  version "2.3.2"
  resolved "https://registry.yarnpkg.com/fsevents/-/fsevents-2.3.2.tgz#8a526f78b8fdf4623b709e0b975c52c24c02fd1a"
  integrity sha512-xiqMQR4xAeHTuB9uWm+fFRcIOgKBMiOBP+eXiyT7jsgVCq1bkVygt00oASowB7EdtpOHaaPgKt812P9ab+DDKA==

playwright-core@1.41.0:
  version "1.41.0"
  resolved "https://registry.yarnpkg.com/playwright-core/-/playwright-core-1.41.0.tgz#dbda9c3948df28a8deae76cc90b424e47174f9d7"
  integrity sha512-UGKASUhXmvqm2Lxa1fNr8sFwAtqjpgBRr9jQ7XBI8Rn5uFiEowGUGwrruUQsVPIom4bk7Lt+oLGpXobnXzrBIw==

playwright@1.41.0:
  version "1.41.0"
  resolved "https://registry.yarnpkg.com/playwright/-/playwright-1.41.0.tgz#77ab5f3a5fde479522167f74a5070e72ce884bff"
  integrity sha512-XOsfl5ZtAik/T9oek4V0jAypNlaCNzuKOwVhqhgYT3os6kH34PzbRb74F0VWcLYa5WFdnmxl7qyAHBXvPv7lqQ==
  dependencies:
    playwright-core "1.41.0"
  optionalDependencies:
    fsevents "2.3.2"
