# THIS IS AN AUTOGENERATED FILE. DO NOT EDIT THIS FILE DIRECTLY.
# yarn lockfile v1


"@playwright/test@^1.46.0":
  version "1.46.0"
  resolved "https://registry.yarnpkg.com/@playwright/test/-/test-1.46.0.tgz#ccea6d22c40ee7fa567e4192fafbdf2a907e2714"
  integrity sha512-/QYft5VArOrGRP5pgkrfKksqsKA6CEFyGQ/gjNe6q0y4tZ1aaPfq4gIjudr1s3D+pXyrPRdsy4opKDrjBabE5w==
  dependencies:
    playwright "1.46.0"

fsevents@2.3.2:
  version "2.3.2"
  resolved "https://registry.yarnpkg.com/fsevents/-/fsevents-2.3.2.tgz#8a526f78b8fdf4623b709e0b975c52c24c02fd1a"
  integrity sha512-xiqMQR4xAeHTuB9uWm+fFRcIOgKBMiOBP+eXiyT7jsgVCq1bkVygt00oASowB7EdtpOHaaPgKt812P9ab+DDKA==

playwright-core@1.46.0:
  version "1.46.0"
  resolved "https://registry.yarnpkg.com/playwright-core/-/playwright-core-1.46.0.tgz#2336ac453a943abf0dc95a76c117f9d3ebd390eb"
  integrity sha512-9Y/d5UIwuJk8t3+lhmMSAJyNP1BUC/DqP3cQJDQQL/oWqAiuPTLgy7Q5dzglmTLwcBRdetzgNM/gni7ckfTr6A==

playwright@1.46.0:
  version "1.46.0"
  resolved "https://registry.yarnpkg.com/playwright/-/playwright-1.46.0.tgz#c7ff490deae41fc1e814bf2cb62109dd9351164d"
  integrity sha512-XYJ5WvfefWONh1uPAUAi0H2xXV5S3vrtcnXe6uAOgdGi3aSpqOSXX08IAjXW34xitfuOJsvXU5anXZxPSEQiJw==
  dependencies:
    playwright-core "1.46.0"
  optionalDependencies:
    fsevents "2.3.2"
